
Microsoft Visual Studio Solution File, Format Version 12.00
# Visual Studio Version 16
VisualStudioVersion = 16.0.29613.14
MinimumVisualStudioVersion = 10.0.40219.1
Project("{FAE04EC0-301F-11D3-BF4B-00C04F79EFBC}") = "TestMorning", "TestMorning\TestMorning.csproj", "{7A5FC1F8-BF32-4175-8480-86C707DE00CB}"
EndProject
Global
	GlobalSection(SolutionConfigurationPlatforms) = preSolution
		Debug|Any CPU = Debug|Any CPU
		Release|Any CPU = Release|Any CPU
	EndGlobalSection
	GlobalSection(ProjectConfigurationPlatforms) = postSolution
		{7A5FC1F8-BF32-4175-8480-86C707DE00CB}.Debug|Any CPU.ActiveCfg = Debug|Any CPU
		{7A5FC1F8-BF32-4175-8480-86C707DE00CB}.Debug|Any CPU.Build.0 = Debug|Any CPU
		{7A5FC1F8-BF32-4175-8480-86C707DE00CB}.Release|Any CPU.ActiveCfg = Release|Any CPU
		{7A5FC1F8-BF32-4175-8480-86C707DE00CB}.Release|Any CPU.Build.0 = Release|Any CPU
	EndGlobalSection
	GlobalSection(SolutionProperties) = preSolution
		HideSolutionNode = FALSE
	EndGlobalSection
	GlobalSection(ExtensibilityGlobals) = postSolution
		SolutionGuid = {0875A1A9-C2CE-40ED-AAEF-25E55F8077AB}
	EndGlobalSection
EndGlobal
